
Microsoft Visual Studio Solution File, Format Version 12.00
# Visual Studio Version 17
VisualStudioVersion = 17.7.34009.444
MinimumVisualStudioVersion = 10.0.40219.1
Project("{FAE04EC0-301F-11D3-BF4B-00C04F79EFBC}") = "ScientificCalculator1", "ScientificCalculator1\ScientificCalculator1.csproj", "{5681D9FC-F024-45D7-9183-651522D59498}"
EndProject
Project("{FAE04EC0-301F-11D3-BF4B-00C04F79EFBC}") = "Arithmetic", "Arithmetic\Arithmetic.csproj", "{34F9B34A-9A08-4983-8EB7-0A1EC4315602}"
EndProject
Project("{FAE04EC0-301F-11D3-BF4B-00C04F79EFBC}") = "Power", "Power\Power.csproj", "{6983C859-F9CD-4BD1-AE4A-34F719547C10}"
EndProject
Global
	GlobalSection(SolutionConfigurationPlatforms) = preSolution
		Debug|Any CPU = Debug|Any CPU
		Release|Any CPU = Release|Any CPU
	EndGlobalSection
	GlobalSection(ProjectConfigurationPlatforms) = postSolution
		{5681D9FC-F024-45D7-9183-651522D59498}.Debug|Any CPU.ActiveCfg = Debug|Any CPU
		{5681D9FC-F024-45D7-9183-651522D59498}.Debug|Any CPU.Build.0 = Debug|Any CPU
		{5681D9FC-F024-45D7-9183-651522D59498}.Release|Any CPU.ActiveCfg = Release|Any CPU
		{5681D9FC-F024-45D7-9183-651522D59498}.Release|Any CPU.Build.0 = Release|Any CPU
		{34F9B34A-9A08-4983-8EB7-0A1EC4315602}.Debug|Any CPU.ActiveCfg = Debug|Any CPU
		{34F9B34A-9A08-4983-8EB7-0A1EC4315602}.Debug|Any CPU.Build.0 = Debug|Any CPU
		{34F9B34A-9A08-4983-8EB7-0A1EC4315602}.Release|Any CPU.ActiveCfg = Release|Any CPU
		{34F9B34A-9A08-4983-8EB7-0A1EC4315602}.Release|Any CPU.Build.0 = Release|Any CPU
		{6983C859-F9CD-4BD1-AE4A-34F719547C10}.Debug|Any CPU.ActiveCfg = Debug|Any CPU
		{6983C859-F9CD-4BD1-AE4A-34F719547C10}.Debug|Any CPU.Build.0 = Debug|Any CPU
		{6983C859-F9CD-4BD1-AE4A-34F719547C10}.Release|Any CPU.ActiveCfg = Release|Any CPU
		{6983C859-F9CD-4BD1-AE4A-34F719547C10}.Release|Any CPU.Build.0 = Release|Any CPU
	EndGlobalSection
	GlobalSection(SolutionProperties) = preSolution
		HideSolutionNode = FALSE
	EndGlobalSection
	GlobalSection(ExtensibilityGlobals) = postSolution
		SolutionGuid = {9D2D101A-66D1-452E-9F7D-1041B596D316}
	EndGlobalSection
EndGlobal
